// !$*UTF8*$!
{
	archiveVersion = 1;
	classes = {
	};
	objectVersion = 46;
	objects = {

/* Begin PBXBuildFile section */
		2A49021C23D7E2D0006F86E6 /* FLQuery.storyboard in Resources */ = {isa = PBXBuildFile; fileRef = 2A49021A23D7E2CF006F86E6 /* FLQuery.storyboard */; };
		2A49021D23D7E2D0006F86E6 /* FLQueryViewController.swift in Sources */ = {isa = PBXBuildFile; fileRef = 2A49021B23D7E2D0006F86E6 /* FLQueryViewController.swift */; };
		C59D2EE692745E744222766C /* libPods-yFind.a in Frameworks */ = {isa = PBXBuildFile; fileRef = 9B5B846D787FEC4E1968BD5E /* libPods-yFind.a */; };
		D9B060A71E4D2AF800D6104E /* AppDelegate.swift in Sources */ = {isa = PBXBuildFile; fileRef = D9B060A61E4D2AF800D6104E /* AppDelegate.swift */; };
		D9B060A91E4D2AF800D6104E /* ViewController.swift in Sources */ = {isa = PBXBuildFile; fileRef = D9B060A81E4D2AF800D6104E /* ViewController.swift */; };
		D9B060AC1E4D2AF800D6104E /* Main.storyboard in Resources */ = {isa = PBXBuildFile; fileRef = D9B060AA1E4D2AF800D6104E /* Main.storyboard */; };
		D9B060AE1E4D2AF800D6104E /* Assets.xcassets in Resources */ = {isa = PBXBuildFile; fileRef = D9B060AD1E4D2AF800D6104E /* Assets.xcassets */; };
		D9B060B11E4D2AF800D6104E /* LaunchScreen.storyboard in Resources */ = {isa = PBXBuildFile; fileRef = D9B060AF1E4D2AF800D6104E /* LaunchScreen.storyboard */; };
		E74CD92F240578F7006E4DD7 /* libArcGIS-Runtime-Toolkit-iOS.a in Frameworks */ = {isa = PBXBuildFile; fileRef = E74CD92E240578F7006E4DD7 /* libArcGIS-Runtime-Toolkit-iOS.a */; };
		E75316EB23D265E300AE1924 /* SearchBuilding.swift in Sources */ = {isa = PBXBuildFile; fileRef = E75316EA23D265E300AE1924 /* SearchBuilding.swift */; };
		E75316ED23D2660400AE1924 /* SearchRoom.swift in Sources */ = {isa = PBXBuildFile; fileRef = E75316EC23D2660400AE1924 /* SearchRoom.swift */; };
		E75FE34C2405713F002104BA /* ARViewController.swift in Sources */ = {isa = PBXBuildFile; fileRef = E75FE34B2405713F002104BA /* ARViewController.swift */; };
		E77F100123D89F65000839DD /* ConfirmationView.swift in Sources */ = {isa = PBXBuildFile; fileRef = E77F100023D89F65000839DD /* ConfirmationView.swift */; };
/* End PBXBuildFile section */

/* Begin PBXCopyFilesBuildPhase section */
		E7A38D9B23F666AB00088148 /* Embed Frameworks */ = {
			isa = PBXCopyFilesBuildPhase;
			buildActionMask = 2147483647;
			dstPath = "";
			dstSubfolderSpec = 10;
			files = (
			);
			name = "Embed Frameworks";
			runOnlyForDeploymentPostprocessing = 0;
		};
/* End PBXCopyFilesBuildPhase section */

/* Begin PBXFileReference section */
		1AE2A7B4EB3A5DF2FB506CB7 /* Pods-yFind.debug.xcconfig */ = {isa = PBXFileReference; includeInIndex = 1; lastKnownFileType = text.xcconfig; name = "Pods-yFind.debug.xcconfig"; path = "Target Support Files/Pods-yFind/Pods-yFind.debug.xcconfig"; sourceTree = "<group>"; };
		2A49021A23D7E2CF006F86E6 /* FLQuery.storyboard */ = {isa = PBXFileReference; fileEncoding = 4; lastKnownFileType = file.storyboard; path = FLQuery.storyboard; sourceTree = "<group>"; };
		2A49021B23D7E2D0006F86E6 /* FLQueryViewController.swift */ = {isa = PBXFileReference; fileEncoding = 4; lastKnownFileType = sourcecode.swift; path = FLQueryViewController.swift; sourceTree = "<group>"; };
		9B5B846D787FEC4E1968BD5E /* libPods-yFind.a */ = {isa = PBXFileReference; explicitFileType = archive.ar; includeInIndex = 0; path = "libPods-yFind.a"; sourceTree = BUILT_PRODUCTS_DIR; };
		AAF1D1777EFC73C2F1CC5448 /* Pods-yFind.release.xcconfig */ = {isa = PBXFileReference; includeInIndex = 1; lastKnownFileType = text.xcconfig; name = "Pods-yFind.release.xcconfig"; path = "Target Support Files/Pods-yFind/Pods-yFind.release.xcconfig"; sourceTree = "<group>"; };
		D9B060A31E4D2AF800D6104E /* yFind.app */ = {isa = PBXFileReference; explicitFileType = wrapper.application; includeInIndex = 0; path = yFind.app; sourceTree = BUILT_PRODUCTS_DIR; };
		D9B060A61E4D2AF800D6104E /* AppDelegate.swift */ = {isa = PBXFileReference; lastKnownFileType = sourcecode.swift; path = AppDelegate.swift; sourceTree = "<group>"; };
		D9B060A81E4D2AF800D6104E /* ViewController.swift */ = {isa = PBXFileReference; lastKnownFileType = sourcecode.swift; path = ViewController.swift; sourceTree = "<group>"; };
		D9B060AB1E4D2AF800D6104E /* Base */ = {isa = PBXFileReference; lastKnownFileType = file.storyboard; name = Base; path = Base.lproj/Main.storyboard; sourceTree = "<group>"; };
		D9B060AD1E4D2AF800D6104E /* Assets.xcassets */ = {isa = PBXFileReference; lastKnownFileType = folder.assetcatalog; path = Assets.xcassets; sourceTree = "<group>"; };
		D9B060B01E4D2AF800D6104E /* Base */ = {isa = PBXFileReference; lastKnownFileType = file.storyboard; name = Base; path = Base.lproj/LaunchScreen.storyboard; sourceTree = "<group>"; };
		D9B060B21E4D2AF800D6104E /* Info.plist */ = {isa = PBXFileReference; lastKnownFileType = text.plist.xml; path = Info.plist; sourceTree = "<group>"; };
		E74CD92E240578F7006E4DD7 /* libArcGIS-Runtime-Toolkit-iOS.a */ = {isa = PBXFileReference; explicitFileType = archive.ar; path = "libArcGIS-Runtime-Toolkit-iOS.a"; sourceTree = BUILT_PRODUCTS_DIR; };
		E75316EA23D265E300AE1924 /* SearchBuilding.swift */ = {isa = PBXFileReference; lastKnownFileType = sourcecode.swift; path = SearchBuilding.swift; sourceTree = "<group>"; };
		E75316EC23D2660400AE1924 /* SearchRoom.swift */ = {isa = PBXFileReference; lastKnownFileType = sourcecode.swift; path = SearchRoom.swift; sourceTree = "<group>"; };
		E75FE34B2405713F002104BA /* ARViewController.swift */ = {isa = PBXFileReference; lastKnownFileType = sourcecode.swift; path = ARViewController.swift; sourceTree = "<group>"; };
		E77F100023D89F65000839DD /* ConfirmationView.swift */ = {isa = PBXFileReference; lastKnownFileType = sourcecode.swift; path = ConfirmationView.swift; sourceTree = "<group>"; };
		E7DC7F3023F5B35500B748E5 /* yFind.entitlements */ = {isa = PBXFileReference; lastKnownFileType = text.plist.entitlements; path = yFind.entitlements; sourceTree = "<group>"; };
/* End PBXFileReference section */

/* Begin PBXFrameworksBuildPhase section */
		D9B060A01E4D2AF800D6104E /* Frameworks */ = {
			isa = PBXFrameworksBuildPhase;
			buildActionMask = 2147483647;
			files = (
				C59D2EE692745E744222766C /* libPods-yFind.a in Frameworks */,
			);
			runOnlyForDeploymentPostprocessing = 0;
		};
/* End PBXFrameworksBuildPhase section */

/* Begin PBXGroup section */
		D9B0609A1E4D2AF800D6104E = {
			isa = PBXGroup;
			children = (
				D9B060A51E4D2AF800D6104E /* yFind */,
				D9B060A41E4D2AF800D6104E /* Products */,
				E721D10E23A9BE7B00CA86B5 /* Frameworks */,
				F5C82964FCDF0B9A02930639 /* Pods */,
			);
			sourceTree = "<group>";
		};
		D9B060A41E4D2AF800D6104E /* Products */ = {
			isa = PBXGroup;
			children = (
				D9B060A31E4D2AF800D6104E /* yFind.app */,
			);
			name = Products;
			sourceTree = "<group>";
		};
		D9B060A51E4D2AF800D6104E /* yFind */ = {
			isa = PBXGroup;
			children = (
				E7DC7F3023F5B35500B748E5 /* yFind.entitlements */,
				2A49021A23D7E2CF006F86E6 /* FLQuery.storyboard */,
				E75FE34B2405713F002104BA /* ARViewController.swift */,
				D9B060A81E4D2AF800D6104E /* ViewController.swift */,
				2A49021B23D7E2D0006F86E6 /* FLQueryViewController.swift */,
				D9B060A61E4D2AF800D6104E /* AppDelegate.swift */,
				E75316EA23D265E300AE1924 /* SearchBuilding.swift */,
				E75316EC23D2660400AE1924 /* SearchRoom.swift */,
				E77F100023D89F65000839DD /* ConfirmationView.swift */,
				D9B060AA1E4D2AF800D6104E /* Main.storyboard */,
				D9B060AD1E4D2AF800D6104E /* Assets.xcassets */,
				D9B060AF1E4D2AF800D6104E /* LaunchScreen.storyboard */,
				D9B060B21E4D2AF800D6104E /* Info.plist */,
			);
			path = yFind;
			sourceTree = "<group>";
		};
		E721D10E23A9BE7B00CA86B5 /* Frameworks */ = {
			isa = PBXGroup;
			children = (
				E74CD92E240578F7006E4DD7 /* libArcGIS-Runtime-Toolkit-iOS.a */,
				9B5B846D787FEC4E1968BD5E /* libPods-yFind.a */,
			);
			name = Frameworks;
			sourceTree = "<group>";
		};
		F5C82964FCDF0B9A02930639 /* Pods */ = {
			isa = PBXGroup;
			children = (
				1AE2A7B4EB3A5DF2FB506CB7 /* Pods-yFind.debug.xcconfig */,
				AAF1D1777EFC73C2F1CC5448 /* Pods-yFind.release.xcconfig */,
			);
			path = Pods;
			sourceTree = "<group>";
		};
/* End PBXGroup section */

/* Begin PBXNativeTarget section */
		D9B060A21E4D2AF800D6104E /* yFind */ = {
			isa = PBXNativeTarget;
			buildConfigurationList = D9B060B51E4D2AF800D6104E /* Build configuration list for PBXNativeTarget "yFind" */;
			buildPhases = (
				3CE08356A9624331F72EE678 /* [CP] Check Pods Manifest.lock */,
				D9B0609F1E4D2AF800D6104E /* Sources */,
				D9B060A01E4D2AF800D6104E /* Frameworks */,
				D9B060A11E4D2AF800D6104E /* Resources */,
				E7A38D9B23F666AB00088148 /* Embed Frameworks */,
				E662B12E15597249F486D46D /* [CP] Embed Pods Frameworks */,
				27890F6616D28BEDA8E7D0F9 /* [CP] Copy Pods Resources */,
			);
			buildRules = (
			);
			dependencies = (
			);
			name = yFind;
			productName = "ArcGIS Starter App";
			productReference = D9B060A31E4D2AF800D6104E /* yFind.app */;
			productType = "com.apple.product-type.application";
		};
/* End PBXNativeTarget section */

/* Begin PBXProject section */
		D9B0609B1E4D2AF800D6104E /* Project object */ = {
			isa = PBXProject;
			attributes = {
				LastSwiftUpdateCheck = 0820;
				LastUpgradeCheck = 1130;
				ORGANIZATIONNAME = Esri;
				TargetAttributes = {
					D9B060A21E4D2AF800D6104E = {
						CreatedOnToolsVersion = 8.2.1;
						DevelopmentTeam = MPW4MLS84V;
						LastSwiftMigration = 1130;
						ProvisioningStyle = Automatic;
					};
				};
			};
			buildConfigurationList = D9B0609E1E4D2AF800D6104E /* Build configuration list for PBXProject "yFind" */;
			compatibilityVersion = "Xcode 3.2";
			developmentRegion = en;
			hasScannedForEncodings = 0;
			knownRegions = (
				en,
				Base,
			);
			mainGroup = D9B0609A1E4D2AF800D6104E;
			productRefGroup = D9B060A41E4D2AF800D6104E /* Products */;
			projectDirPath = "";
			projectRoot = "";
			targets = (
				D9B060A21E4D2AF800D6104E /* yFind */,
			);
		};
/* End PBXProject section */

/* Begin PBXResourcesBuildPhase section */
		D9B060A11E4D2AF800D6104E /* Resources */ = {
			isa = PBXResourcesBuildPhase;
			buildActionMask = 2147483647;
			files = (
				D9B060B11E4D2AF800D6104E /* LaunchScreen.storyboard in Resources */,
				2A49021C23D7E2D0006F86E6 /* FLQuery.storyboard in Resources */,
				D9B060AE1E4D2AF800D6104E /* Assets.xcassets in Resources */,
				D9B060AC1E4D2AF800D6104E /* Main.storyboard in Resources */,
			);
			runOnlyForDeploymentPostprocessing = 0;
		};
/* End PBXResourcesBuildPhase section */

/* Begin PBXShellScriptBuildPhase section */
		27890F6616D28BEDA8E7D0F9 /* [CP] Copy Pods Resources */ = {
			isa = PBXShellScriptBuildPhase;
			buildActionMask = 2147483647;
			files = (
			);
			inputPaths = (
				"${PODS_ROOT}/Target Support Files/Pods-yFind/Pods-yFind-resources.sh",
				"${PODS_ROOT}/ArcGIS-Runtime-Toolkit-iOS/Toolkit/ArcGISToolkit/Legend.storyboard",
				"${PODS_ROOT}/ArcGIS-Runtime-Toolkit-iOS/Toolkit/ArcGISToolkit/Assets.xcassets",
			);
			name = "[CP] Copy Pods Resources";
			outputPaths = (
				"${TARGET_BUILD_DIR}/${UNLOCALIZED_RESOURCES_FOLDER_PATH}/Legend.storyboardc",
				"${TARGET_BUILD_DIR}/${UNLOCALIZED_RESOURCES_FOLDER_PATH}/Assets.car",
			);
			runOnlyForDeploymentPostprocessing = 0;
			shellPath = /bin/sh;
			shellScript = "\"${PODS_ROOT}/Target Support Files/Pods-yFind/Pods-yFind-resources.sh\"\n";
			showEnvVarsInLog = 0;
		};
		3CE08356A9624331F72EE678 /* [CP] Check Pods Manifest.lock */ = {
			isa = PBXShellScriptBuildPhase;
			buildActionMask = 2147483647;
			files = (
			);
			inputFileListPaths = (
			);
			inputPaths = (
				"${PODS_PODFILE_DIR_PATH}/Podfile.lock",
				"${PODS_ROOT}/Manifest.lock",
			);
			name = "[CP] Check Pods Manifest.lock";
			outputFileListPaths = (
			);
			outputPaths = (
				"$(DERIVED_FILE_DIR)/Pods-yFind-checkManifestLockResult.txt",
			);
			runOnlyForDeploymentPostprocessing = 0;
			shellPath = /bin/sh;
			shellScript = "diff \"${PODS_PODFILE_DIR_PATH}/Podfile.lock\" \"${PODS_ROOT}/Manifest.lock\" > /dev/null\nif [ $? != 0 ] ; then\n    # print error to STDERR\n    echo \"error: The sandbox is not in sync with the Podfile.lock. Run 'pod install' or update your CocoaPods installation.\" >&2\n    exit 1\nfi\n# This output is used by Xcode 'outputs' to avoid re-running this script phase.\necho \"SUCCESS\" > \"${SCRIPT_OUTPUT_FILE_0}\"\n";
			showEnvVarsInLog = 0;
		};
		E662B12E15597249F486D46D /* [CP] Embed Pods Frameworks */ = {
			isa = PBXShellScriptBuildPhase;
			buildActionMask = 2147483647;
			files = (
			);
			inputPaths = (
				"${PODS_ROOT}/Target Support Files/Pods-yFind/Pods-yFind-frameworks.sh",
				"${PODS_ROOT}/ArcGIS-Runtime-SDK-iOS/ArcGIS.framework",
				"${PODS_ROOT}/ArcGIS-Runtime-SDK-iOS/ArcGIS.framework.dSYM",
			);
			name = "[CP] Embed Pods Frameworks";
			outputPaths = (
				"${TARGET_BUILD_DIR}/${FRAMEWORKS_FOLDER_PATH}/ArcGIS.framework",
				"${DWARF_DSYM_FOLDER_PATH}/ArcGIS.framework.dSYM",
			);
			runOnlyForDeploymentPostprocessing = 0;
			shellPath = /bin/sh;
			shellScript = "\"${PODS_ROOT}/Target Support Files/Pods-yFind/Pods-yFind-frameworks.sh\"\n";
			showEnvVarsInLog = 0;
		};
/* End PBXShellScriptBuildPhase section */

/* Begin PBXSourcesBuildPhase section */
		D9B0609F1E4D2AF800D6104E /* Sources */ = {
			isa = PBXSourcesBuildPhase;
			buildActionMask = 2147483647;
			files = (
				E75FE34C2405713F002104BA /* ARViewController.swift in Sources */,
				D9B060A91E4D2AF800D6104E /* ViewController.swift in Sources */,
				2A49021D23D7E2D0006F86E6 /* FLQueryViewController.swift in Sources */,
				D9B060A71E4D2AF800D6104E /* AppDelegate.swift in Sources */,
				E77F100123D89F65000839DD /* ConfirmationView.swift in Sources */,
				E75316ED23D2660400AE1924 /* SearchRoom.swift in Sources */,
				E75316EB23D265E300AE1924 /* SearchBuilding.swift in Sources */,
			);
			runOnlyForDeploymentPostprocessing = 0;
		};
/* End PBXSourcesBuildPhase section */

/* Begin PBXVariantGroup section */
		D9B060AA1E4D2AF800D6104E /* Main.storyboard */ = {
			isa = PBXVariantGroup;
			children = (
				D9B060AB1E4D2AF800D6104E /* Base */,
			);
			name = Main.storyboard;
			sourceTree = "<group>";
		};
		D9B060AF1E4D2AF800D6104E /* LaunchScreen.storyboard */ = {
			isa = PBXVariantGroup;
			children = (
				D9B060B01E4D2AF800D6104E /* Base */,
			);
			name = LaunchScreen.storyboard;
			sourceTree = "<group>";
		};
/* End PBXVariantGroup section */

/* Begin XCBuildConfiguration section */
		D9B060B31E4D2AF800D6104E /* Debug */ = {
			isa = XCBuildConfiguration;
			buildSettings = {
				ALWAYS_SEARCH_USER_PATHS = NO;
				CLANG_ANALYZER_LOCALIZABILITY_NONLOCALIZED = YES;
				CLANG_ANALYZER_NONNULL = YES;
				CLANG_CXX_LANGUAGE_STANDARD = "gnu++0x";
				CLANG_CXX_LIBRARY = "libc++";
				CLANG_ENABLE_MODULES = YES;
				CLANG_ENABLE_OBJC_ARC = YES;
				CLANG_WARN_BLOCK_CAPTURE_AUTORELEASING = YES;
				CLANG_WARN_BOOL_CONVERSION = YES;
				CLANG_WARN_COMMA = YES;
				CLANG_WARN_CONSTANT_CONVERSION = YES;
				CLANG_WARN_DEPRECATED_OBJC_IMPLEMENTATIONS = YES;
				CLANG_WARN_DIRECT_OBJC_ISA_USAGE = YES_ERROR;
				CLANG_WARN_DOCUMENTATION_COMMENTS = YES;
				CLANG_WARN_EMPTY_BODY = YES;
				CLANG_WARN_ENUM_CONVERSION = YES;
				CLANG_WARN_INFINITE_RECURSION = YES;
				CLANG_WARN_INT_CONVERSION = YES;
				CLANG_WARN_NON_LITERAL_NULL_CONVERSION = YES;
				CLANG_WARN_OBJC_IMPLICIT_RETAIN_SELF = YES;
				CLANG_WARN_OBJC_LITERAL_CONVERSION = YES;
				CLANG_WARN_OBJC_ROOT_CLASS = YES_ERROR;
				CLANG_WARN_RANGE_LOOP_ANALYSIS = YES;
				CLANG_WARN_STRICT_PROTOTYPES = YES;
				CLANG_WARN_SUSPICIOUS_MOVE = YES;
				CLANG_WARN_UNREACHABLE_CODE = YES;
				CLANG_WARN__DUPLICATE_METHOD_MATCH = YES;
				"CODE_SIGN_IDENTITY[sdk=iphoneos*]" = "iPhone Developer";
				COPY_PHASE_STRIP = NO;
				DEBUG_INFORMATION_FORMAT = dwarf;
				ENABLE_STRICT_OBJC_MSGSEND = YES;
				ENABLE_TESTABILITY = YES;
				GCC_C_LANGUAGE_STANDARD = gnu99;
				GCC_DYNAMIC_NO_PIC = NO;
				GCC_NO_COMMON_BLOCKS = YES;
				GCC_OPTIMIZATION_LEVEL = 0;
				GCC_PREPROCESSOR_DEFINITIONS = (
					"DEBUG=1",
					"$(inherited)",
				);
				GCC_WARN_64_TO_32_BIT_CONVERSION = YES;
				GCC_WARN_ABOUT_RETURN_TYPE = YES_ERROR;
				GCC_WARN_UNDECLARED_SELECTOR = YES;
				GCC_WARN_UNINITIALIZED_AUTOS = YES_AGGRESSIVE;
				GCC_WARN_UNUSED_FUNCTION = YES;
				GCC_WARN_UNUSED_VARIABLE = YES;
				IPHONEOS_DEPLOYMENT_TARGET = 10.2;
				MTL_ENABLE_DEBUG_INFO = YES;
				ONLY_ACTIVE_ARCH = YES;
				SDKROOT = iphoneos;
				SWIFT_ACTIVE_COMPILATION_CONDITIONS = DEBUG;
				SWIFT_OPTIMIZATION_LEVEL = "-Onone";
				TARGETED_DEVICE_FAMILY = "1,2";
			};
			name = Debug;
		};
		D9B060B41E4D2AF800D6104E /* Release */ = {
			isa = XCBuildConfiguration;
			buildSettings = {
				ALWAYS_SEARCH_USER_PATHS = NO;
				CLANG_ANALYZER_LOCALIZABILITY_NONLOCALIZED = YES;
				CLANG_ANALYZER_NONNULL = YES;
				CLANG_CXX_LANGUAGE_STANDARD = "gnu++0x";
				CLANG_CXX_LIBRARY = "libc++";
				CLANG_ENABLE_MODULES = YES;
				CLANG_ENABLE_OBJC_ARC = YES;
				CLANG_WARN_BLOCK_CAPTURE_AUTORELEASING = YES;
				CLANG_WARN_BOOL_CONVERSION = YES;
				CLANG_WARN_COMMA = YES;
				CLANG_WARN_CONSTANT_CONVERSION = YES;
				CLANG_WARN_DEPRECATED_OBJC_IMPLEMENTATIONS = YES;
				CLANG_WARN_DIRECT_OBJC_ISA_USAGE = YES_ERROR;
				CLANG_WARN_DOCUMENTATION_COMMENTS = YES;
				CLANG_WARN_EMPTY_BODY = YES;
				CLANG_WARN_ENUM_CONVERSION = YES;
				CLANG_WARN_INFINITE_RECURSION = YES;
				CLANG_WARN_INT_CONVERSION = YES;
				CLANG_WARN_NON_LITERAL_NULL_CONVERSION = YES;
				CLANG_WARN_OBJC_IMPLICIT_RETAIN_SELF = YES;
				CLANG_WARN_OBJC_LITERAL_CONVERSION = YES;
				CLANG_WARN_OBJC_ROOT_CLASS = YES_ERROR;
				CLANG_WARN_RANGE_LOOP_ANALYSIS = YES;
				CLANG_WARN_STRICT_PROTOTYPES = YES;
				CLANG_WARN_SUSPICIOUS_MOVE = YES;
				CLANG_WARN_UNREACHABLE_CODE = YES;
				CLANG_WARN__DUPLICATE_METHOD_MATCH = YES;
				"CODE_SIGN_IDENTITY[sdk=iphoneos*]" = "iPhone Developer";
				COPY_PHASE_STRIP = NO;
				DEBUG_INFORMATION_FORMAT = "dwarf-with-dsym";
				ENABLE_NS_ASSERTIONS = NO;
				ENABLE_STRICT_OBJC_MSGSEND = YES;
				GCC_C_LANGUAGE_STANDARD = gnu99;
				GCC_NO_COMMON_BLOCKS = YES;
				GCC_WARN_64_TO_32_BIT_CONVERSION = YES;
				GCC_WARN_ABOUT_RETURN_TYPE = YES_ERROR;
				GCC_WARN_UNDECLARED_SELECTOR = YES;
				GCC_WARN_UNINITIALIZED_AUTOS = YES_AGGRESSIVE;
				GCC_WARN_UNUSED_FUNCTION = YES;
				GCC_WARN_UNUSED_VARIABLE = YES;
				IPHONEOS_DEPLOYMENT_TARGET = 10.2;
				MTL_ENABLE_DEBUG_INFO = NO;
				SDKROOT = iphoneos;
				SWIFT_OPTIMIZATION_LEVEL = "-Owholemodule";
				TARGETED_DEVICE_FAMILY = "1,2";
				VALIDATE_PRODUCT = YES;
			};
			name = Release;
		};
		D9B060B61E4D2AF800D6104E /* Debug */ = {
			isa = XCBuildConfiguration;
			baseConfigurationReference = 1AE2A7B4EB3A5DF2FB506CB7 /* Pods-yFind.debug.xcconfig */;
			buildSettings = {
				ASSETCATALOG_COMPILER_APPICON_NAME = AppIcon;
				CODE_SIGN_ENTITLEMENTS = yFind/yFind.entitlements;
				CODE_SIGN_IDENTITY = "Apple Development";
				CODE_SIGN_STYLE = Automatic;
				DEVELOPMENT_TEAM = MPW4MLS84V;
				EMBED_ASSET_PACKS_IN_PRODUCT_BUNDLE = YES;
				FRAMEWORK_SEARCH_PATHS = "$(USER_LIBRARY_DIR)/SDKs/ArcGIS/iOS/Frameworks/Dynamic";
				INFOPLIST_FILE = yFind/Info.plist;
				IPHONEOS_DEPLOYMENT_TARGET = 11.0;
				LD_RUNPATH_SEARCH_PATHS = "$(inherited) @executable_path/Frameworks";
				OTHER_LDFLAGS = (
					"-ObjC",
					"-framework",
					ArcGIS,
					"-l",
					"c++",
				);
				PRODUCT_BUNDLE_IDENTIFIER = com.ycrew.yfind;
				PRODUCT_NAME = yFind;
				PROVISIONING_PROFILE_SPECIFIER = "";
				SWIFT_SWIFT3_OBJC_INFERENCE = Default;
				SWIFT_VERSION = 5.0;
			};
			name = Debug;
		};
		D9B060B71E4D2AF800D6104E /* Release */ = {
			isa = XCBuildConfiguration;
			baseConfigurationReference = AAF1D1777EFC73C2F1CC5448 /* Pods-yFind.release.xcconfig */;
			buildSettings = {
				ASSETCATALOG_COMPILER_APPICON_NAME = AppIcon;
				CODE_SIGN_ENTITLEMENTS = yFind/yFind.entitlements;
				CODE_SIGN_IDENTITY = "Apple Development";
				CODE_SIGN_STYLE = Automatic;
				DEVELOPMENT_TEAM = MPW4MLS84V;
				EMBED_ASSET_PACKS_IN_PRODUCT_BUNDLE = YES;
				FRAMEWORK_SEARCH_PATHS = "$(USER_LIBRARY_DIR)/SDKs/ArcGIS/iOS/Frameworks/Dynamic";
				INFOPLIST_FILE = yFind/Info.plist;
				IPHONEOS_DEPLOYMENT_TARGET = 11.0;
				LD_RUNPATH_SEARCH_PATHS = "$(inherited) @executable_path/Frameworks";
				OTHER_LDFLAGS = (
					"-ObjC",
					"-framework",
					ArcGIS,
					"-l",
					"c++",
				);
				PRODUCT_BUNDLE_IDENTIFIER = com.ycrew.yfind;
				PRODUCT_NAME = yFind;
				PROVISIONING_PROFILE_SPECIFIER = "";
				SWIFT_SWIFT3_OBJC_INFERENCE = Default;
				SWIFT_VERSION = 5.0;
			};
			name = Release;
		};
/* End XCBuildConfiguration section */

/* Begin XCConfigurationList section */
		D9B0609E1E4D2AF800D6104E /* Build configuration list for PBXProject "yFind" */ = {
			isa = XCConfigurationList;
			buildConfigurations = (
				D9B060B31E4D2AF800D6104E /* Debug */,
				D9B060B41E4D2AF800D6104E /* Release */,
			);
			defaultConfigurationIsVisible = 0;
			defaultConfigurationName = Release;
		};
		D9B060B51E4D2AF800D6104E /* Build configuration list for PBXNativeTarget "yFind" */ = {
			isa = XCConfigurationList;
			buildConfigurations = (
				D9B060B61E4D2AF800D6104E /* Debug */,
				D9B060B71E4D2AF800D6104E /* Release */,
			);
			defaultConfigurationIsVisible = 0;
			defaultConfigurationName = Release;
		};
/* End XCConfigurationList section */
	};
	rootObject = D9B0609B1E4D2AF800D6104E /* Project object */;
}
